{
  "name": "passman",
  "version": "1.0.0",
  "lockfileVersion": 1,
  "requires": true,
  "dependencies": {
    "bulma": {
      "version": "0.8.1",
      "resolved": "https://registry.npmjs.org/bulma/-/bulma-0.8.1.tgz",
      "integrity": "sha512-Afi2zv4DKmNSYfmx55V+Mtnt8+WfR8Rs65kWArmzEuWP7vNr7dSAEDI+ORZlgOR1gueNZwpKaPdUi4ZiTNwgPA=="
    },
    "bulma-start": {
      "version": "0.0.3",
      "resolved": "https://registry.npmjs.org/bulma-start/-/bulma-start-0.0.3.tgz",
      "integrity": "sha512-LJchFdLKUAavS4c8qELN+5FoOicttX8fi1+M2mLZQyf+ru8tcooqQ3j9kdJq1p/FeVyfOLi4vtXP1b3k4tQdtA=="
    }
  }
}
